// !$*UTF8*$!
{
	archiveVersion = 1;
	classes = {
	};
	objectVersion = 50;
	objects = {

/* Begin PBXBuildFile section */
		846EC4BF263AC01F0080FB2F /* Main.storyboard in Resources */ = {isa = PBXBuildFile; fileRef = 846EC4BD263AC01F0080FB2F /* Main.storyboard */; };
		84F224C12639C1D20090C708 /* AppDelegate.swift in Sources */ = {isa = PBXBuildFile; fileRef = 84F224C02639C1D20090C708 /* AppDelegate.swift */; };
		84F224C32639C1D20090C708 /* SceneDelegate.swift in Sources */ = {isa = PBXBuildFile; fileRef = 84F224C22639C1D20090C708 /* SceneDelegate.swift */; };
		84F224C52639C1D20090C708 /* ViewController.swift in Sources */ = {isa = PBXBuildFile; fileRef = 84F224C42639C1D20090C708 /* ViewController.swift */; };
		84F224CB2639C1D20090C708 /* TimeToEat.xcdatamodeld in Sources */ = {isa = PBXBuildFile; fileRef = 84F224C92639C1D20090C708 /* TimeToEat.xcdatamodeld */; };
		84F224CD2639C1D40090C708 /* Assets.xcassets in Resources */ = {isa = PBXBuildFile; fileRef = 84F224CC2639C1D40090C708 /* Assets.xcassets */; };
		84F224D02639C1D40090C708 /* LaunchScreen.storyboard in Resources */ = {isa = PBXBuildFile; fileRef = 84F224CE2639C1D40090C708 /* LaunchScreen.storyboard */; };
		84F224D92639C1F00090C708 /* coreDataStack.swift in Sources */ = {isa = PBXBuildFile; fileRef = 84F224D82639C1F00090C708 /* coreDataStack.swift */; };
		84F224E42639C94A0090C708 /* Meal+CoreDataClass.swift in Sources */ = {isa = PBXBuildFile; fileRef = 84F224E02639C94A0090C708 /* Meal+CoreDataClass.swift */; };
		84F224E52639C94A0090C708 /* Meal+CoreDataProperties.swift in Sources */ = {isa = PBXBuildFile; fileRef = 84F224E12639C94A0090C708 /* Meal+CoreDataProperties.swift */; };
		84F224E62639C94A0090C708 /* User+CoreDataClass.swift in Sources */ = {isa = PBXBuildFile; fileRef = 84F224E22639C94A0090C708 /* User+CoreDataClass.swift */; };
		84F224E72639C94A0090C708 /* User+CoreDataProperties.swift in Sources */ = {isa = PBXBuildFile; fileRef = 84F224E32639C94A0090C708 /* User+CoreDataProperties.swift */; };
/* End PBXBuildFile section */

/* Begin PBXFileReference section */
		846EC4BE263AC01F0080FB2F /* Base */ = {isa = PBXFileReference; lastKnownFileType = file.storyboard; name = Base; path = Base.lproj/Main.storyboard; sourceTree = "<group>"; };
		84F224BD2639C1D20090C708 /* TimeToEat.app */ = {isa = PBXFileReference; explicitFileType = wrapper.application; includeInIndex = 0; path = TimeToEat.app; sourceTree = BUILT_PRODUCTS_DIR; };
		84F224C02639C1D20090C708 /* AppDelegate.swift */ = {isa = PBXFileReference; lastKnownFileType = sourcecode.swift; path = AppDelegate.swift; sourceTree = "<group>"; };
		84F224C22639C1D20090C708 /* SceneDelegate.swift */ = {isa = PBXFileReference; lastKnownFileType = sourcecode.swift; path = SceneDelegate.swift; sourceTree = "<group>"; };
		84F224C42639C1D20090C708 /* ViewController.swift */ = {isa = PBXFileReference; lastKnownFileType = sourcecode.swift; path = ViewController.swift; sourceTree = "<group>"; };
		84F224CA2639C1D20090C708 /* TimeToEat.xcdatamodel */ = {isa = PBXFileReference; lastKnownFileType = wrapper.xcdatamodel; path = TimeToEat.xcdatamodel; sourceTree = "<group>"; };
		84F224CC2639C1D40090C708 /* Assets.xcassets */ = {isa = PBXFileReference; lastKnownFileType = folder.assetcatalog; path = Assets.xcassets; sourceTree = "<group>"; };
		84F224CF2639C1D40090C708 /* Base */ = {isa = PBXFileReference; lastKnownFileType = file.storyboard; name = Base; path = Base.lproj/LaunchScreen.storyboard; sourceTree = "<group>"; };
		84F224D12639C1D40090C708 /* Info.plist */ = {isa = PBXFileReference; lastKnownFileType = text.plist.xml; path = Info.plist; sourceTree = "<group>"; };
		84F224D82639C1F00090C708 /* coreDataStack.swift */ = {isa = PBXFileReference; lastKnownFileType = sourcecode.swift; path = coreDataStack.swift; sourceTree = "<group>"; };
		84F224E02639C94A0090C708 /* Meal+CoreDataClass.swift */ = {isa = PBXFileReference; lastKnownFileType = sourcecode.swift; path = "Meal+CoreDataClass.swift"; sourceTree = "<group>"; };
		84F224E12639C94A0090C708 /* Meal+CoreDataProperties.swift */ = {isa = PBXFileReference; lastKnownFileType = sourcecode.swift; path = "Meal+CoreDataProperties.swift"; sourceTree = "<group>"; };
		84F224E22639C94A0090C708 /* User+CoreDataClass.swift */ = {isa = PBXFileReference; lastKnownFileType = sourcecode.swift; path = "User+CoreDataClass.swift"; sourceTree = "<group>"; };
		84F224E32639C94A0090C708 /* User+CoreDataProperties.swift */ = {isa = PBXFileReference; lastKnownFileType = sourcecode.swift; path = "User+CoreDataProperties.swift"; sourceTree = "<group>"; };
/* End PBXFileReference section */

/* Begin PBXFrameworksBuildPhase section */
		84F224BA2639C1D20090C708 /* Frameworks */ = {
			isa = PBXFrameworksBuildPhase;
			buildActionMask = 2147483647;
			files = (
			);
			runOnlyForDeploymentPostprocessing = 0;
		};
/* End PBXFrameworksBuildPhase section */

/* Begin PBXGroup section */
		84F224B42639C1D20090C708 = {
			isa = PBXGroup;
			children = (
				84F224E92639C97B0090C708 /* CoreData Entities */,
				84F224BF2639C1D20090C708 /* TimeToEat */,
				84F224BE2639C1D20090C708 /* Products */,
			);
			sourceTree = "<group>";
		};
		84F224BE2639C1D20090C708 /* Products */ = {
			isa = PBXGroup;
			children = (
				84F224BD2639C1D20090C708 /* TimeToEat.app */,
			);
			name = Products;
			sourceTree = "<group>";
		};
		84F224BF2639C1D20090C708 /* TimeToEat */ = {
			isa = PBXGroup;
			children = (
				84F224C02639C1D20090C708 /* AppDelegate.swift */,
				84F224C22639C1D20090C708 /* SceneDelegate.swift */,
				84F224D82639C1F00090C708 /* coreDataStack.swift */,
				84F224C42639C1D20090C708 /* ViewController.swift */,
				84F224CC2639C1D40090C708 /* Assets.xcassets */,
				84F224D12639C1D40090C708 /* Info.plist */,
				84F224C92639C1D20090C708 /* TimeToEat.xcdatamodeld */,
				84F224CE2639C1D40090C708 /* LaunchScreen.storyboard */,
				846EC4BD263AC01F0080FB2F /* Main.storyboard */,
			);
			path = TimeToEat;
			sourceTree = "<group>";
		};
		84F224E92639C97B0090C708 /* CoreData Entities */ = {
			isa = PBXGroup;
			children = (
				84F224E02639C94A0090C708 /* Meal+CoreDataClass.swift */,
				84F224E12639C94A0090C708 /* Meal+CoreDataProperties.swift */,
				84F224E22639C94A0090C708 /* User+CoreDataClass.swift */,
				84F224E32639C94A0090C708 /* User+CoreDataProperties.swift */,
			);
			path = "CoreData Entities";
			sourceTree = "<group>";
		};
/* End PBXGroup section */

/* Begin PBXNativeTarget section */
		84F224BC2639C1D20090C708 /* TimeToEat */ = {
			isa = PBXNativeTarget;
			buildConfigurationList = 84F224D42639C1D40090C708 /* Build configuration list for PBXNativeTarget "TimeToEat" */;
			buildPhases = (
				84F224B92639C1D20090C708 /* Sources */,
				84F224BA2639C1D20090C708 /* Frameworks */,
				84F224BB2639C1D20090C708 /* Resources */,
			);
			buildRules = (
			);
			dependencies = (
			);
			name = TimeToEat;
			productName = TimeToEat;
			productReference = 84F224BD2639C1D20090C708 /* TimeToEat.app */;
			productType = "com.apple.product-type.application";
		};
/* End PBXNativeTarget section */

/* Begin PBXProject section */
		84F224B52639C1D20090C708 /* Project object */ = {
			isa = PBXProject;
			attributes = {
				LastSwiftUpdateCheck = 1240;
				LastUpgradeCheck = 1240;
				TargetAttributes = {
					84F224BC2639C1D20090C708 = {
						CreatedOnToolsVersion = 12.4;
					};
				};
			};
			buildConfigurationList = 84F224B82639C1D20090C708 /* Build configuration list for PBXProject "TimeToEat" */;
			compatibilityVersion = "Xcode 9.3";
			developmentRegion = en;
			hasScannedForEncodings = 0;
			knownRegions = (
				en,
				Base,
			);
			mainGroup = 84F224B42639C1D20090C708;
			productRefGroup = 84F224BE2639C1D20090C708 /* Products */;
			projectDirPath = "";
			projectRoot = "";
			targets = (
				84F224BC2639C1D20090C708 /* TimeToEat */,
			);
		};
/* End PBXProject section */

/* Begin PBXResourcesBuildPhase section */
		84F224BB2639C1D20090C708 /* Resources */ = {
			isa = PBXResourcesBuildPhase;
			buildActionMask = 2147483647;
			files = (
				846EC4BF263AC01F0080FB2F /* Main.storyboard in Resources */,
				84F224D02639C1D40090C708 /* LaunchScreen.storyboard in Resources */,
				84F224CD2639C1D40090C708 /* Assets.xcassets in Resources */,
			);
			runOnlyForDeploymentPostprocessing = 0;
		};
/* End PBXResourcesBuildPhase section */

/* Begin PBXSourcesBuildPhase section */
		84F224B92639C1D20090C708 /* Sources */ = {
			isa = PBXSourcesBuildPhase;
			buildActionMask = 2147483647;
			files = (
				84F224E42639C94A0090C708 /* Meal+CoreDataClass.swift in Sources */,
				84F224E52639C94A0090C708 /* Meal+CoreDataProperties.swift in Sources */,
				84F224C52639C1D20090C708 /* ViewController.swift in Sources */,
				84F224D92639C1F00090C708 /* coreDataStack.swift in Sources */,
				84F224C12639C1D20090C708 /* AppDelegate.swift in Sources */,
				84F224CB2639C1D20090C708 /* TimeToEat.xcdatamodeld in Sources */,
				84F224E62639C94A0090C708 /* User+CoreDataClass.swift in Sources */,
				84F224C32639C1D20090C708 /* SceneDelegate.swift in Sources */,
				84F224E72639C94A0090C708 /* User+CoreDataProperties.swift in Sources */,
			);
			runOnlyForDeploymentPostprocessing = 0;
		};
/* End PBXSourcesBuildPhase section */

/* Begin PBXVariantGroup section */
		846EC4BD263AC01F0080FB2F /* Main.storyboard */ = {
			isa = PBXVariantGroup;
			children = (
				846EC4BE263AC01F0080FB2F /* Base */,
			);
			name = Main.storyboard;
			sourceTree = "<group>";
		};
		84F224CE2639C1D40090C708 /* LaunchScreen.storyboard */ = {
			isa = PBXVariantGroup;
			children = (
				84F224CF2639C1D40090C708 /* Base */,
			);
			name = LaunchScreen.storyboard;
			sourceTree = "<group>";
		};
/* End PBXVariantGroup section */

/* Begin XCBuildConfiguration section */
		84F224D22639C1D40090C708 /* Debug */ = {
			isa = XCBuildConfiguration;
			buildSettings = {
				ALWAYS_SEARCH_USER_PATHS = NO;
				CLANG_ANALYZER_NONNULL = YES;
				CLANG_ANALYZER_NUMBER_OBJECT_CONVERSION = YES_AGGRESSIVE;
				CLANG_CXX_LANGUAGE_STANDARD = "gnu++14";
				CLANG_CXX_LIBRARY = "libc++";
				CLANG_ENABLE_MODULES = YES;
				CLANG_ENABLE_OBJC_ARC = YES;
				CLANG_ENABLE_OBJC_WEAK = YES;
				CLANG_WARN_BLOCK_CAPTURE_AUTORELEASING = YES;
				CLANG_WARN_BOOL_CONVERSION = YES;
				CLANG_WARN_COMMA = YES;
				CLANG_WARN_CONSTANT_CONVERSION = YES;
				CLANG_WARN_DEPRECATED_OBJC_IMPLEMENTATIONS = YES;
				CLANG_WARN_DIRECT_OBJC_ISA_USAGE = YES_ERROR;
				CLANG_WARN_DOCUMENTATION_COMMENTS = YES;
				CLANG_WARN_EMPTY_BODY = YES;
				CLANG_WARN_ENUM_CONVERSION = YES;
				CLANG_WARN_INFINITE_RECURSION = YES;
				CLANG_WARN_INT_CONVERSION = YES;
				CLANG_WARN_NON_LITERAL_NULL_CONVERSION = YES;
				CLANG_WARN_OBJC_IMPLICIT_RETAIN_SELF = YES;
				CLANG_WARN_OBJC_LITERAL_CONVERSION = YES;
				CLANG_WARN_OBJC_ROOT_CLASS = YES_ERROR;
				CLANG_WARN_QUOTED_INCLUDE_IN_FRAMEWORK_HEADER = YES;
				CLANG_WARN_RANGE_LOOP_ANALYSIS = YES;
				CLANG_WARN_STRICT_PROTOTYPES = YES;
				CLANG_WARN_SUSPICIOUS_MOVE = YES;
				CLANG_WARN_UNGUARDED_AVAILABILITY = YES_AGGRESSIVE;
				CLANG_WARN_UNREACHABLE_CODE = YES;
				CLANG_WARN__DUPLICATE_METHOD_MATCH = YES;
				COPY_PHASE_STRIP = NO;
				DEBUG_INFORMATION_FORMAT = dwarf;
				ENABLE_STRICT_OBJC_MSGSEND = YES;
				ENABLE_TESTABILITY = YES;
				GCC_C_LANGUAGE_STANDARD = gnu11;
				GCC_DYNAMIC_NO_PIC = NO;
				GCC_NO_COMMON_BLOCKS = YES;
				GCC_OPTIMIZATION_LEVEL = 0;
				GCC_PREPROCESSOR_DEFINITIONS = (
					"DEBUG=1",
					"$(inherited)",
				);
				GCC_WARN_64_TO_32_BIT_CONVERSION = YES;
				GCC_WARN_ABOUT_RETURN_TYPE = YES_ERROR;
				GCC_WARN_UNDECLARED_SELECTOR = YES;
				GCC_WARN_UNINITIALIZED_AUTOS = YES_AGGRESSIVE;
				GCC_WARN_UNUSED_FUNCTION = YES;
				GCC_WARN_UNUSED_VARIABLE = YES;
				IPHONEOS_DEPLOYMENT_TARGET = 14.4;
				MTL_ENABLE_DEBUG_INFO = INCLUDE_SOURCE;
				MTL_FAST_MATH = YES;
				ONLY_ACTIVE_ARCH = YES;
				SDKROOT = iphoneos;
				SWIFT_ACTIVE_COMPILATION_CONDITIONS = DEBUG;
				SWIFT_OPTIMIZATION_LEVEL = "-Onone";
			};
			name = Debug;
		};
		84F224D32639C1D40090C708 /* Release */ = {
			isa = XCBuildConfiguration;
			buildSettings = {
				ALWAYS_SEARCH_USER_PATHS = NO;
				CLANG_ANALYZER_NONNULL = YES;
				CLANG_ANALYZER_NUMBER_OBJECT_CONVERSION = YES_AGGRESSIVE;
				CLANG_CXX_LANGUAGE_STANDARD = "gnu++14";
				CLANG_CXX_LIBRARY = "libc++";
				CLANG_ENABLE_MODULES = YES;
				CLANG_ENABLE_OBJC_ARC = YES;
				CLANG_ENABLE_OBJC_WEAK = YES;
				CLANG_WARN_BLOCK_CAPTURE_AUTORELEASING = YES;
				CLANG_WARN_BOOL_CONVERSION = YES;
				CLANG_WARN_COMMA = YES;
				CLANG_WARN_CONSTANT_CONVERSION = YES;
				CLANG_WARN_DEPRECATED_OBJC_IMPLEMENTATIONS = YES;
				CLANG_WARN_DIRECT_OBJC_ISA_USAGE = YES_ERROR;
				CLANG_WARN_DOCUMENTATION_COMMENTS = YES;
				CLANG_WARN_EMPTY_BODY = YES;
				CLANG_WARN_ENUM_CONVERSION = YES;
				CLANG_WARN_INFINITE_RECURSION = YES;
				CLANG_WARN_INT_CONVERSION = YES;
				CLANG_WARN_NON_LITERAL_NULL_CONVERSION = YES;
				CLANG_WARN_OBJC_IMPLICIT_RETAIN_SELF = YES;
				CLANG_WARN_OBJC_LITERAL_CONVERSION = YES;
				CLANG_WARN_OBJC_ROOT_CLASS = YES_ERROR;
				CLANG_WARN_QUOTED_INCLUDE_IN_FRAMEWORK_HEADER = YES;
				CLANG_WARN_RANGE_LOOP_ANALYSIS = YES;
				CLANG_WARN_STRICT_PROTOTYPES = YES;
				CLANG_WARN_SUSPICIOUS_MOVE = YES;
				CLANG_WARN_UNGUARDED_AVAILABILITY = YES_AGGRESSIVE;
				CLANG_WARN_UNREACHABLE_CODE = YES;
				CLANG_WARN__DUPLICATE_METHOD_MATCH = YES;
				COPY_PHASE_STRIP = NO;
				DEBUG_INFORMATION_FORMAT = "dwarf-with-dsym";
				ENABLE_NS_ASSERTIONS = NO;
				ENABLE_STRICT_OBJC_MSGSEND = YES;
				GCC_C_LANGUAGE_STANDARD = gnu11;
				GCC_NO_COMMON_BLOCKS = YES;
				GCC_WARN_64_TO_32_BIT_CONVERSION = YES;
				GCC_WARN_ABOUT_RETURN_TYPE = YES_ERROR;
				GCC_WARN_UNDECLARED_SELECTOR = YES;
				GCC_WARN_UNINITIALIZED_AUTOS = YES_AGGRESSIVE;
				GCC_WARN_UNUSED_FUNCTION = YES;
				GCC_WARN_UNUSED_VARIABLE = YES;
				IPHONEOS_DEPLOYMENT_TARGET = 14.4;
				MTL_ENABLE_DEBUG_INFO = NO;
				MTL_FAST_MATH = YES;
				SDKROOT = iphoneos;
				SWIFT_COMPILATION_MODE = wholemodule;
				SWIFT_OPTIMIZATION_LEVEL = "-O";
				VALIDATE_PRODUCT = YES;
			};
			name = Release;
		};
		84F224D52639C1D40090C708 /* Debug */ = {
			isa = XCBuildConfiguration;
			buildSettings = {
				ASSETCATALOG_COMPILER_APPICON_NAME = AppIcon;
				ASSETCATALOG_COMPILER_GLOBAL_ACCENT_COLOR_NAME = AccentColor;
				CODE_SIGN_STYLE = Automatic;
				DEVELOPMENT_TEAM = 45BPS947ZY;
				INFOPLIST_FILE = TimeToEat/Info.plist;
				LD_RUNPATH_SEARCH_PATHS = (
					"$(inherited)",
					"@executable_path/Frameworks",
				);
				PRODUCT_BUNDLE_IDENTIFIER = "com.motivation-4life.TimeToEat";
				PRODUCT_NAME = "$(TARGET_NAME)";
				SWIFT_VERSION = 5.0;
				TARGETED_DEVICE_FAMILY = "1,2";
			};
			name = Debug;
		};
		84F224D62639C1D40090C708 /* Release */ = {
			isa = XCBuildConfiguration;
			buildSettings = {
				ASSETCATALOG_COMPILER_APPICON_NAME = AppIcon;
				ASSETCATALOG_COMPILER_GLOBAL_ACCENT_COLOR_NAME = AccentColor;
				CODE_SIGN_STYLE = Automatic;
				DEVELOPMENT_TEAM = 45BPS947ZY;
				INFOPLIST_FILE = TimeToEat/Info.plist;
				LD_RUNPATH_SEARCH_PATHS = (
					"$(inherited)",
					"@executable_path/Frameworks",
				);
				PRODUCT_BUNDLE_IDENTIFIER = "com.motivation-4life.TimeToEat";
				PRODUCT_NAME = "$(TARGET_NAME)";
				SWIFT_VERSION = 5.0;
				TARGETED_DEVICE_FAMILY = "1,2";
			};
			name = Release;
		};
/* End XCBuildConfiguration section */

/* Begin XCConfigurationList section */
		84F224B82639C1D20090C708 /* Build configuration list for PBXProject "TimeToEat" */ = {
			isa = XCConfigurationList;
			buildConfigurations = (
				84F224D22639C1D40090C708 /* Debug */,
				84F224D32639C1D40090C708 /* Release */,
			);
			defaultConfigurationIsVisible = 0;
			defaultConfigurationName = Release;
		};
		84F224D42639C1D40090C708 /* Build configuration list for PBXNativeTarget "TimeToEat" */ = {
			isa = XCConfigurationList;
			buildConfigurations = (
				84F224D52639C1D40090C708 /* Debug */,
				84F224D62639C1D40090C708 /* Release */,
			);
			defaultConfigurationIsVisible = 0;
			defaultConfigurationName = Release;
		};
/* End XCConfigurationList section */

/* Begin XCVersionGroup section */
		84F224C92639C1D20090C708 /* TimeToEat.xcdatamodeld */ = {
			isa = XCVersionGroup;
			children = (
				84F224CA2639C1D20090C708 /* TimeToEat.xcdatamodel */,
			);
			currentVersion = 84F224CA2639C1D20090C708 /* TimeToEat.xcdatamodel */;
			path = TimeToEat.xcdatamodeld;
			sourceTree = "<group>";
			versionGroupType = wrapper.xcdatamodel;
		};
/* End XCVersionGroup section */
	};
	rootObject = 84F224B52639C1D20090C708 /* Project object */;
}
