// !$*UTF8*$!
{
	archiveVersion = 1;
	classes = {
	};
	objectVersion = 50;
	objects = {

/* Begin PBXBuildFile section */
		843876E725EBCAB00027C305 /* AppDelegate.swift in Sources */ = {isa = PBXBuildFile; fileRef = 843876E625EBCAB00027C305 /* AppDelegate.swift */; };
		843876E925EBCAB00027C305 /* SceneDelegate.swift in Sources */ = {isa = PBXBuildFile; fileRef = 843876E825EBCAB00027C305 /* SceneDelegate.swift */; };
		843876EE25EBCAB00027C305 /* Main.storyboard in Resources */ = {isa = PBXBuildFile; fileRef = 843876EC25EBCAB00027C305 /* Main.storyboard */; };
		843876F025EBCAB20027C305 /* Assets.xcassets in Resources */ = {isa = PBXBuildFile; fileRef = 843876EF25EBCAB20027C305 /* Assets.xcassets */; };
		843876F325EBCAB20027C305 /* LaunchScreen.storyboard in Resources */ = {isa = PBXBuildFile; fileRef = 843876F125EBCAB20027C305 /* LaunchScreen.storyboard */; };
		843876FE25EBCAB20027C305 /* PhotoTappsTests.swift in Sources */ = {isa = PBXBuildFile; fileRef = 843876FD25EBCAB20027C305 /* PhotoTappsTests.swift */; };
		8438770925EBCAB20027C305 /* PhotoTappsUITests.swift in Sources */ = {isa = PBXBuildFile; fileRef = 8438770825EBCAB20027C305 /* PhotoTappsUITests.swift */; };
		8438771D25EBCAF30027C305 /* PhotosCollectionViewController.swift in Sources */ = {isa = PBXBuildFile; fileRef = 8438771C25EBCAF30027C305 /* PhotosCollectionViewController.swift */; };
		8438772525EFA8810027C305 /* PhotoCollectionViewCell.swift in Sources */ = {isa = PBXBuildFile; fileRef = 8438772425EFA8810027C305 /* PhotoCollectionViewCell.swift */; };
		8438772D25F0D3BA0027C305 /* DetailDogViewController.swift in Sources */ = {isa = PBXBuildFile; fileRef = 8438772C25F0D3BA0027C305 /* DetailDogViewController.swift */; };
/* End PBXBuildFile section */

/* Begin PBXContainerItemProxy section */
		843876FA25EBCAB20027C305 /* PBXContainerItemProxy */ = {
			isa = PBXContainerItemProxy;
			containerPortal = 843876DB25EBCAAF0027C305 /* Project object */;
			proxyType = 1;
			remoteGlobalIDString = 843876E225EBCAB00027C305;
			remoteInfo = PhotoTapps;
		};
		8438770525EBCAB20027C305 /* PBXContainerItemProxy */ = {
			isa = PBXContainerItemProxy;
			containerPortal = 843876DB25EBCAAF0027C305 /* Project object */;
			proxyType = 1;
			remoteGlobalIDString = 843876E225EBCAB00027C305;
			remoteInfo = PhotoTapps;
		};
/* End PBXContainerItemProxy section */

/* Begin PBXFileReference section */
		843876E325EBCAB00027C305 /* PhotoTapps.app */ = {isa = PBXFileReference; explicitFileType = wrapper.application; includeInIndex = 0; path = PhotoTapps.app; sourceTree = BUILT_PRODUCTS_DIR; };
		843876E625EBCAB00027C305 /* AppDelegate.swift */ = {isa = PBXFileReference; lastKnownFileType = sourcecode.swift; path = AppDelegate.swift; sourceTree = "<group>"; };
		843876E825EBCAB00027C305 /* SceneDelegate.swift */ = {isa = PBXFileReference; lastKnownFileType = sourcecode.swift; path = SceneDelegate.swift; sourceTree = "<group>"; };
		843876ED25EBCAB00027C305 /* Base */ = {isa = PBXFileReference; lastKnownFileType = file.storyboard; name = Base; path = Base.lproj/Main.storyboard; sourceTree = "<group>"; };
		843876EF25EBCAB20027C305 /* Assets.xcassets */ = {isa = PBXFileReference; lastKnownFileType = folder.assetcatalog; path = Assets.xcassets; sourceTree = "<group>"; };
		843876F225EBCAB20027C305 /* Base */ = {isa = PBXFileReference; lastKnownFileType = file.storyboard; name = Base; path = Base.lproj/LaunchScreen.storyboard; sourceTree = "<group>"; };
		843876F425EBCAB20027C305 /* Info.plist */ = {isa = PBXFileReference; lastKnownFileType = text.plist.xml; path = Info.plist; sourceTree = "<group>"; };
		843876F925EBCAB20027C305 /* PhotoTappsTests.xctest */ = {isa = PBXFileReference; explicitFileType = wrapper.cfbundle; includeInIndex = 0; path = PhotoTappsTests.xctest; sourceTree = BUILT_PRODUCTS_DIR; };
		843876FD25EBCAB20027C305 /* PhotoTappsTests.swift */ = {isa = PBXFileReference; lastKnownFileType = sourcecode.swift; path = PhotoTappsTests.swift; sourceTree = "<group>"; };
		843876FF25EBCAB20027C305 /* Info.plist */ = {isa = PBXFileReference; lastKnownFileType = text.plist.xml; path = Info.plist; sourceTree = "<group>"; };
		8438770425EBCAB20027C305 /* PhotoTappsUITests.xctest */ = {isa = PBXFileReference; explicitFileType = wrapper.cfbundle; includeInIndex = 0; path = PhotoTappsUITests.xctest; sourceTree = BUILT_PRODUCTS_DIR; };
		8438770825EBCAB20027C305 /* PhotoTappsUITests.swift */ = {isa = PBXFileReference; lastKnownFileType = sourcecode.swift; path = PhotoTappsUITests.swift; sourceTree = "<group>"; };
		8438770A25EBCAB20027C305 /* Info.plist */ = {isa = PBXFileReference; lastKnownFileType = text.plist.xml; path = Info.plist; sourceTree = "<group>"; };
		8438771C25EBCAF30027C305 /* PhotosCollectionViewController.swift */ = {isa = PBXFileReference; lastKnownFileType = sourcecode.swift; path = PhotosCollectionViewController.swift; sourceTree = "<group>"; };
		8438772425EFA8810027C305 /* PhotoCollectionViewCell.swift */ = {isa = PBXFileReference; lastKnownFileType = sourcecode.swift; path = PhotoCollectionViewCell.swift; sourceTree = "<group>"; };
		8438772C25F0D3BA0027C305 /* DetailDogViewController.swift */ = {isa = PBXFileReference; lastKnownFileType = sourcecode.swift; path = DetailDogViewController.swift; sourceTree = "<group>"; };
/* End PBXFileReference section */

/* Begin PBXFrameworksBuildPhase section */
		843876E025EBCAB00027C305 /* Frameworks */ = {
			isa = PBXFrameworksBuildPhase;
			buildActionMask = 2147483647;
			files = (
			);
			runOnlyForDeploymentPostprocessing = 0;
		};
		843876F625EBCAB20027C305 /* Frameworks */ = {
			isa = PBXFrameworksBuildPhase;
			buildActionMask = 2147483647;
			files = (
			);
			runOnlyForDeploymentPostprocessing = 0;
		};
		8438770125EBCAB20027C305 /* Frameworks */ = {
			isa = PBXFrameworksBuildPhase;
			buildActionMask = 2147483647;
			files = (
			);
			runOnlyForDeploymentPostprocessing = 0;
		};
/* End PBXFrameworksBuildPhase section */

/* Begin PBXGroup section */
		843876DA25EBCAAF0027C305 = {
			isa = PBXGroup;
			children = (
				843876E525EBCAB00027C305 /* PhotoTapps */,
				843876FC25EBCAB20027C305 /* PhotoTappsTests */,
				8438770725EBCAB20027C305 /* PhotoTappsUITests */,
				843876E425EBCAB00027C305 /* Products */,
			);
			sourceTree = "<group>";
		};
		843876E425EBCAB00027C305 /* Products */ = {
			isa = PBXGroup;
			children = (
				843876E325EBCAB00027C305 /* PhotoTapps.app */,
				843876F925EBCAB20027C305 /* PhotoTappsTests.xctest */,
				8438770425EBCAB20027C305 /* PhotoTappsUITests.xctest */,
			);
			name = Products;
			sourceTree = "<group>";
		};
		843876E525EBCAB00027C305 /* PhotoTapps */ = {
			isa = PBXGroup;
			children = (
				843876E625EBCAB00027C305 /* AppDelegate.swift */,
				843876E825EBCAB00027C305 /* SceneDelegate.swift */,
				8438771C25EBCAF30027C305 /* PhotosCollectionViewController.swift */,
				8438772425EFA8810027C305 /* PhotoCollectionViewCell.swift */,
				8438772C25F0D3BA0027C305 /* DetailDogViewController.swift */,
				843876EC25EBCAB00027C305 /* Main.storyboard */,
				843876EF25EBCAB20027C305 /* Assets.xcassets */,
				843876F125EBCAB20027C305 /* LaunchScreen.storyboard */,
				843876F425EBCAB20027C305 /* Info.plist */,
			);
			path = PhotoTapps;
			sourceTree = "<group>";
		};
		843876FC25EBCAB20027C305 /* PhotoTappsTests */ = {
			isa = PBXGroup;
			children = (
				843876FD25EBCAB20027C305 /* PhotoTappsTests.swift */,
				843876FF25EBCAB20027C305 /* Info.plist */,
			);
			path = PhotoTappsTests;
			sourceTree = "<group>";
		};
		8438770725EBCAB20027C305 /* PhotoTappsUITests */ = {
			isa = PBXGroup;
			children = (
				8438770825EBCAB20027C305 /* PhotoTappsUITests.swift */,
				8438770A25EBCAB20027C305 /* Info.plist */,
			);
			path = PhotoTappsUITests;
			sourceTree = "<group>";
		};
/* End PBXGroup section */

/* Begin PBXNativeTarget section */
		843876E225EBCAB00027C305 /* PhotoTapps */ = {
			isa = PBXNativeTarget;
			buildConfigurationList = 8438770D25EBCAB20027C305 /* Build configuration list for PBXNativeTarget "PhotoTapps" */;
			buildPhases = (
				843876DF25EBCAB00027C305 /* Sources */,
				843876E025EBCAB00027C305 /* Frameworks */,
				843876E125EBCAB00027C305 /* Resources */,
			);
			buildRules = (
			);
			dependencies = (
			);
			name = PhotoTapps;
			productName = PhotoTapps;
			productReference = 843876E325EBCAB00027C305 /* PhotoTapps.app */;
			productType = "com.apple.product-type.application";
		};
		843876F825EBCAB20027C305 /* PhotoTappsTests */ = {
			isa = PBXNativeTarget;
			buildConfigurationList = 8438771025EBCAB20027C305 /* Build configuration list for PBXNativeTarget "PhotoTappsTests" */;
			buildPhases = (
				843876F525EBCAB20027C305 /* Sources */,
				843876F625EBCAB20027C305 /* Frameworks */,
				843876F725EBCAB20027C305 /* Resources */,
			);
			buildRules = (
			);
			dependencies = (
				843876FB25EBCAB20027C305 /* PBXTargetDependency */,
			);
			name = PhotoTappsTests;
			productName = PhotoTappsTests;
			productReference = 843876F925EBCAB20027C305 /* PhotoTappsTests.xctest */;
			productType = "com.apple.product-type.bundle.unit-test";
		};
		8438770325EBCAB20027C305 /* PhotoTappsUITests */ = {
			isa = PBXNativeTarget;
			buildConfigurationList = 8438771325EBCAB20027C305 /* Build configuration list for PBXNativeTarget "PhotoTappsUITests" */;
			buildPhases = (
				8438770025EBCAB20027C305 /* Sources */,
				8438770125EBCAB20027C305 /* Frameworks */,
				8438770225EBCAB20027C305 /* Resources */,
			);
			buildRules = (
			);
			dependencies = (
				8438770625EBCAB20027C305 /* PBXTargetDependency */,
			);
			name = PhotoTappsUITests;
			productName = PhotoTappsUITests;
			productReference = 8438770425EBCAB20027C305 /* PhotoTappsUITests.xctest */;
			productType = "com.apple.product-type.bundle.ui-testing";
		};
/* End PBXNativeTarget section */

/* Begin PBXProject section */
		843876DB25EBCAAF0027C305 /* Project object */ = {
			isa = PBXProject;
			attributes = {
				LastSwiftUpdateCheck = 1240;
				LastUpgradeCheck = 1240;
				TargetAttributes = {
					843876E225EBCAB00027C305 = {
						CreatedOnToolsVersion = 12.4;
					};
					843876F825EBCAB20027C305 = {
						CreatedOnToolsVersion = 12.4;
						TestTargetID = 843876E225EBCAB00027C305;
					};
					8438770325EBCAB20027C305 = {
						CreatedOnToolsVersion = 12.4;
						TestTargetID = 843876E225EBCAB00027C305;
					};
				};
			};
			buildConfigurationList = 843876DE25EBCAAF0027C305 /* Build configuration list for PBXProject "PhotoTapps" */;
			compatibilityVersion = "Xcode 9.3";
			developmentRegion = en;
			hasScannedForEncodings = 0;
			knownRegions = (
				en,
				Base,
			);
			mainGroup = 843876DA25EBCAAF0027C305;
			productRefGroup = 843876E425EBCAB00027C305 /* Products */;
			projectDirPath = "";
			projectRoot = "";
			targets = (
				843876E225EBCAB00027C305 /* PhotoTapps */,
				843876F825EBCAB20027C305 /* PhotoTappsTests */,
				8438770325EBCAB20027C305 /* PhotoTappsUITests */,
			);
		};
/* End PBXProject section */

/* Begin PBXResourcesBuildPhase section */
		843876E125EBCAB00027C305 /* Resources */ = {
			isa = PBXResourcesBuildPhase;
			buildActionMask = 2147483647;
			files = (
				843876F325EBCAB20027C305 /* LaunchScreen.storyboard in Resources */,
				843876F025EBCAB20027C305 /* Assets.xcassets in Resources */,
				843876EE25EBCAB00027C305 /* Main.storyboard in Resources */,
			);
			runOnlyForDeploymentPostprocessing = 0;
		};
		843876F725EBCAB20027C305 /* Resources */ = {
			isa = PBXResourcesBuildPhase;
			buildActionMask = 2147483647;
			files = (
			);
			runOnlyForDeploymentPostprocessing = 0;
		};
		8438770225EBCAB20027C305 /* Resources */ = {
			isa = PBXResourcesBuildPhase;
			buildActionMask = 2147483647;
			files = (
			);
			runOnlyForDeploymentPostprocessing = 0;
		};
/* End PBXResourcesBuildPhase section */

/* Begin PBXSourcesBuildPhase section */
		843876DF25EBCAB00027C305 /* Sources */ = {
			isa = PBXSourcesBuildPhase;
			buildActionMask = 2147483647;
			files = (
				8438771D25EBCAF30027C305 /* PhotosCollectionViewController.swift in Sources */,
				8438772525EFA8810027C305 /* PhotoCollectionViewCell.swift in Sources */,
				843876E725EBCAB00027C305 /* AppDelegate.swift in Sources */,
				8438772D25F0D3BA0027C305 /* DetailDogViewController.swift in Sources */,
				843876E925EBCAB00027C305 /* SceneDelegate.swift in Sources */,
			);
			runOnlyForDeploymentPostprocessing = 0;
		};
		843876F525EBCAB20027C305 /* Sources */ = {
			isa = PBXSourcesBuildPhase;
			buildActionMask = 2147483647;
			files = (
				843876FE25EBCAB20027C305 /* PhotoTappsTests.swift in Sources */,
			);
			runOnlyForDeploymentPostprocessing = 0;
		};
		8438770025EBCAB20027C305 /* Sources */ = {
			isa = PBXSourcesBuildPhase;
			buildActionMask = 2147483647;
			files = (
				8438770925EBCAB20027C305 /* PhotoTappsUITests.swift in Sources */,
			);
			runOnlyForDeploymentPostprocessing = 0;
		};
/* End PBXSourcesBuildPhase section */

/* Begin PBXTargetDependency section */
		843876FB25EBCAB20027C305 /* PBXTargetDependency */ = {
			isa = PBXTargetDependency;
			target = 843876E225EBCAB00027C305 /* PhotoTapps */;
			targetProxy = 843876FA25EBCAB20027C305 /* PBXContainerItemProxy */;
		};
		8438770625EBCAB20027C305 /* PBXTargetDependency */ = {
			isa = PBXTargetDependency;
			target = 843876E225EBCAB00027C305 /* PhotoTapps */;
			targetProxy = 8438770525EBCAB20027C305 /* PBXContainerItemProxy */;
		};
/* End PBXTargetDependency section */

/* Begin PBXVariantGroup section */
		843876EC25EBCAB00027C305 /* Main.storyboard */ = {
			isa = PBXVariantGroup;
			children = (
				843876ED25EBCAB00027C305 /* Base */,
			);
			name = Main.storyboard;
			sourceTree = "<group>";
		};
		843876F125EBCAB20027C305 /* LaunchScreen.storyboard */ = {
			isa = PBXVariantGroup;
			children = (
				843876F225EBCAB20027C305 /* Base */,
			);
			name = LaunchScreen.storyboard;
			sourceTree = "<group>";
		};
/* End PBXVariantGroup section */

/* Begin XCBuildConfiguration section */
		8438770B25EBCAB20027C305 /* Debug */ = {
			isa = XCBuildConfiguration;
			buildSettings = {
				ALWAYS_SEARCH_USER_PATHS = NO;
				CLANG_ANALYZER_NONNULL = YES;
				CLANG_ANALYZER_NUMBER_OBJECT_CONVERSION = YES_AGGRESSIVE;
				CLANG_CXX_LANGUAGE_STANDARD = "gnu++14";
				CLANG_CXX_LIBRARY = "libc++";
				CLANG_ENABLE_MODULES = YES;
				CLANG_ENABLE_OBJC_ARC = YES;
				CLANG_ENABLE_OBJC_WEAK = YES;
				CLANG_WARN_BLOCK_CAPTURE_AUTORELEASING = YES;
				CLANG_WARN_BOOL_CONVERSION = YES;
				CLANG_WARN_COMMA = YES;
				CLANG_WARN_CONSTANT_CONVERSION = YES;
				CLANG_WARN_DEPRECATED_OBJC_IMPLEMENTATIONS = YES;
				CLANG_WARN_DIRECT_OBJC_ISA_USAGE = YES_ERROR;
				CLANG_WARN_DOCUMENTATION_COMMENTS = YES;
				CLANG_WARN_EMPTY_BODY = YES;
				CLANG_WARN_ENUM_CONVERSION = YES;
				CLANG_WARN_INFINITE_RECURSION = YES;
				CLANG_WARN_INT_CONVERSION = YES;
				CLANG_WARN_NON_LITERAL_NULL_CONVERSION = YES;
				CLANG_WARN_OBJC_IMPLICIT_RETAIN_SELF = YES;
				CLANG_WARN_OBJC_LITERAL_CONVERSION = YES;
				CLANG_WARN_OBJC_ROOT_CLASS = YES_ERROR;
				CLANG_WARN_QUOTED_INCLUDE_IN_FRAMEWORK_HEADER = YES;
				CLANG_WARN_RANGE_LOOP_ANALYSIS = YES;
				CLANG_WARN_STRICT_PROTOTYPES = YES;
				CLANG_WARN_SUSPICIOUS_MOVE = YES;
				CLANG_WARN_UNGUARDED_AVAILABILITY = YES_AGGRESSIVE;
				CLANG_WARN_UNREACHABLE_CODE = YES;
				CLANG_WARN__DUPLICATE_METHOD_MATCH = YES;
				COPY_PHASE_STRIP = NO;
				DEBUG_INFORMATION_FORMAT = dwarf;
				ENABLE_STRICT_OBJC_MSGSEND = YES;
				ENABLE_TESTABILITY = YES;
				GCC_C_LANGUAGE_STANDARD = gnu11;
				GCC_DYNAMIC_NO_PIC = NO;
				GCC_NO_COMMON_BLOCKS = YES;
				GCC_OPTIMIZATION_LEVEL = 0;
				GCC_PREPROCESSOR_DEFINITIONS = (
					"DEBUG=1",
					"$(inherited)",
				);
				GCC_WARN_64_TO_32_BIT_CONVERSION = YES;
				GCC_WARN_ABOUT_RETURN_TYPE = YES_ERROR;
				GCC_WARN_UNDECLARED_SELECTOR = YES;
				GCC_WARN_UNINITIALIZED_AUTOS = YES_AGGRESSIVE;
				GCC_WARN_UNUSED_FUNCTION = YES;
				GCC_WARN_UNUSED_VARIABLE = YES;
				IPHONEOS_DEPLOYMENT_TARGET = 14.4;
				MTL_ENABLE_DEBUG_INFO = INCLUDE_SOURCE;
				MTL_FAST_MATH = YES;
				ONLY_ACTIVE_ARCH = YES;
				SDKROOT = iphoneos;
				SWIFT_ACTIVE_COMPILATION_CONDITIONS = DEBUG;
				SWIFT_OPTIMIZATION_LEVEL = "-Onone";
			};
			name = Debug;
		};
		8438770C25EBCAB20027C305 /* Release */ = {
			isa = XCBuildConfiguration;
			buildSettings = {
				ALWAYS_SEARCH_USER_PATHS = NO;
				CLANG_ANALYZER_NONNULL = YES;
				CLANG_ANALYZER_NUMBER_OBJECT_CONVERSION = YES_AGGRESSIVE;
				CLANG_CXX_LANGUAGE_STANDARD = "gnu++14";
				CLANG_CXX_LIBRARY = "libc++";
				CLANG_ENABLE_MODULES = YES;
				CLANG_ENABLE_OBJC_ARC = YES;
				CLANG_ENABLE_OBJC_WEAK = YES;
				CLANG_WARN_BLOCK_CAPTURE_AUTORELEASING = YES;
				CLANG_WARN_BOOL_CONVERSION = YES;
				CLANG_WARN_COMMA = YES;
				CLANG_WARN_CONSTANT_CONVERSION = YES;
				CLANG_WARN_DEPRECATED_OBJC_IMPLEMENTATIONS = YES;
				CLANG_WARN_DIRECT_OBJC_ISA_USAGE = YES_ERROR;
				CLANG_WARN_DOCUMENTATION_COMMENTS = YES;
				CLANG_WARN_EMPTY_BODY = YES;
				CLANG_WARN_ENUM_CONVERSION = YES;
				CLANG_WARN_INFINITE_RECURSION = YES;
				CLANG_WARN_INT_CONVERSION = YES;
				CLANG_WARN_NON_LITERAL_NULL_CONVERSION = YES;
				CLANG_WARN_OBJC_IMPLICIT_RETAIN_SELF = YES;
				CLANG_WARN_OBJC_LITERAL_CONVERSION = YES;
				CLANG_WARN_OBJC_ROOT_CLASS = YES_ERROR;
				CLANG_WARN_QUOTED_INCLUDE_IN_FRAMEWORK_HEADER = YES;
				CLANG_WARN_RANGE_LOOP_ANALYSIS = YES;
				CLANG_WARN_STRICT_PROTOTYPES = YES;
				CLANG_WARN_SUSPICIOUS_MOVE = YES;
				CLANG_WARN_UNGUARDED_AVAILABILITY = YES_AGGRESSIVE;
				CLANG_WARN_UNREACHABLE_CODE = YES;
				CLANG_WARN__DUPLICATE_METHOD_MATCH = YES;
				COPY_PHASE_STRIP = NO;
				DEBUG_INFORMATION_FORMAT = "dwarf-with-dsym";
				ENABLE_NS_ASSERTIONS = NO;
				ENABLE_STRICT_OBJC_MSGSEND = YES;
				GCC_C_LANGUAGE_STANDARD = gnu11;
				GCC_NO_COMMON_BLOCKS = YES;
				GCC_WARN_64_TO_32_BIT_CONVERSION = YES;
				GCC_WARN_ABOUT_RETURN_TYPE = YES_ERROR;
				GCC_WARN_UNDECLARED_SELECTOR = YES;
				GCC_WARN_UNINITIALIZED_AUTOS = YES_AGGRESSIVE;
				GCC_WARN_UNUSED_FUNCTION = YES;
				GCC_WARN_UNUSED_VARIABLE = YES;
				IPHONEOS_DEPLOYMENT_TARGET = 14.4;
				MTL_ENABLE_DEBUG_INFO = NO;
				MTL_FAST_MATH = YES;
				SDKROOT = iphoneos;
				SWIFT_COMPILATION_MODE = wholemodule;
				SWIFT_OPTIMIZATION_LEVEL = "-O";
				VALIDATE_PRODUCT = YES;
			};
			name = Release;
		};
		8438770E25EBCAB20027C305 /* Debug */ = {
			isa = XCBuildConfiguration;
			buildSettings = {
				ASSETCATALOG_COMPILER_APPICON_NAME = AppIcon;
				ASSETCATALOG_COMPILER_GLOBAL_ACCENT_COLOR_NAME = AccentColor;
				CODE_SIGN_STYLE = Automatic;
				DEVELOPMENT_TEAM = 45BPS947ZY;
				INFOPLIST_FILE = PhotoTapps/Info.plist;
				LD_RUNPATH_SEARCH_PATHS = (
					"$(inherited)",
					"@executable_path/Frameworks",
				);
				PRODUCT_BUNDLE_IDENTIFIER = "com.motivation-4life.PhotoTapps";
				PRODUCT_NAME = "$(TARGET_NAME)";
				SWIFT_VERSION = 5.0;
				TARGETED_DEVICE_FAMILY = "1,2";
			};
			name = Debug;
		};
		8438770F25EBCAB20027C305 /* Release */ = {
			isa = XCBuildConfiguration;
			buildSettings = {
				ASSETCATALOG_COMPILER_APPICON_NAME = AppIcon;
				ASSETCATALOG_COMPILER_GLOBAL_ACCENT_COLOR_NAME = AccentColor;
				CODE_SIGN_STYLE = Automatic;
				DEVELOPMENT_TEAM = 45BPS947ZY;
				INFOPLIST_FILE = PhotoTapps/Info.plist;
				LD_RUNPATH_SEARCH_PATHS = (
					"$(inherited)",
					"@executable_path/Frameworks",
				);
				PRODUCT_BUNDLE_IDENTIFIER = "com.motivation-4life.PhotoTapps";
				PRODUCT_NAME = "$(TARGET_NAME)";
				SWIFT_VERSION = 5.0;
				TARGETED_DEVICE_FAMILY = "1,2";
			};
			name = Release;
		};
		8438771125EBCAB20027C305 /* Debug */ = {
			isa = XCBuildConfiguration;
			buildSettings = {
				ALWAYS_EMBED_SWIFT_STANDARD_LIBRARIES = YES;
				BUNDLE_LOADER = "$(TEST_HOST)";
				CODE_SIGN_STYLE = Automatic;
				DEVELOPMENT_TEAM = 45BPS947ZY;
				INFOPLIST_FILE = PhotoTappsTests/Info.plist;
				IPHONEOS_DEPLOYMENT_TARGET = 14.4;
				LD_RUNPATH_SEARCH_PATHS = (
					"$(inherited)",
					"@executable_path/Frameworks",
					"@loader_path/Frameworks",
				);
				PRODUCT_BUNDLE_IDENTIFIER = "com.motivation-4life.PhotoTappsTests";
				PRODUCT_NAME = "$(TARGET_NAME)";
				SWIFT_VERSION = 5.0;
				TARGETED_DEVICE_FAMILY = "1,2";
				TEST_HOST = "$(BUILT_PRODUCTS_DIR)/PhotoTapps.app/PhotoTapps";
			};
			name = Debug;
		};
		8438771225EBCAB20027C305 /* Release */ = {
			isa = XCBuildConfiguration;
			buildSettings = {
				ALWAYS_EMBED_SWIFT_STANDARD_LIBRARIES = YES;
				BUNDLE_LOADER = "$(TEST_HOST)";
				CODE_SIGN_STYLE = Automatic;
				DEVELOPMENT_TEAM = 45BPS947ZY;
				INFOPLIST_FILE = PhotoTappsTests/Info.plist;
				IPHONEOS_DEPLOYMENT_TARGET = 14.4;
				LD_RUNPATH_SEARCH_PATHS = (
					"$(inherited)",
					"@executable_path/Frameworks",
					"@loader_path/Frameworks",
				);
				PRODUCT_BUNDLE_IDENTIFIER = "com.motivation-4life.PhotoTappsTests";
				PRODUCT_NAME = "$(TARGET_NAME)";
				SWIFT_VERSION = 5.0;
				TARGETED_DEVICE_FAMILY = "1,2";
				TEST_HOST = "$(BUILT_PRODUCTS_DIR)/PhotoTapps.app/PhotoTapps";
			};
			name = Release;
		};
		8438771425EBCAB20027C305 /* Debug */ = {
			isa = XCBuildConfiguration;
			buildSettings = {
				ALWAYS_EMBED_SWIFT_STANDARD_LIBRARIES = YES;
				CODE_SIGN_STYLE = Automatic;
				DEVELOPMENT_TEAM = 45BPS947ZY;
				INFOPLIST_FILE = PhotoTappsUITests/Info.plist;
				LD_RUNPATH_SEARCH_PATHS = (
					"$(inherited)",
					"@executable_path/Frameworks",
					"@loader_path/Frameworks",
				);
				PRODUCT_BUNDLE_IDENTIFIER = "com.motivation-4life.PhotoTappsUITests";
				PRODUCT_NAME = "$(TARGET_NAME)";
				SWIFT_VERSION = 5.0;
				TARGETED_DEVICE_FAMILY = "1,2";
				TEST_TARGET_NAME = PhotoTapps;
			};
			name = Debug;
		};
		8438771525EBCAB20027C305 /* Release */ = {
			isa = XCBuildConfiguration;
			buildSettings = {
				ALWAYS_EMBED_SWIFT_STANDARD_LIBRARIES = YES;
				CODE_SIGN_STYLE = Automatic;
				DEVELOPMENT_TEAM = 45BPS947ZY;
				INFOPLIST_FILE = PhotoTappsUITests/Info.plist;
				LD_RUNPATH_SEARCH_PATHS = (
					"$(inherited)",
					"@executable_path/Frameworks",
					"@loader_path/Frameworks",
				);
				PRODUCT_BUNDLE_IDENTIFIER = "com.motivation-4life.PhotoTappsUITests";
				PRODUCT_NAME = "$(TARGET_NAME)";
				SWIFT_VERSION = 5.0;
				TARGETED_DEVICE_FAMILY = "1,2";
				TEST_TARGET_NAME = PhotoTapps;
			};
			name = Release;
		};
/* End XCBuildConfiguration section */

/* Begin XCConfigurationList section */
		843876DE25EBCAAF0027C305 /* Build configuration list for PBXProject "PhotoTapps" */ = {
			isa = XCConfigurationList;
			buildConfigurations = (
				8438770B25EBCAB20027C305 /* Debug */,
				8438770C25EBCAB20027C305 /* Release */,
			);
			defaultConfigurationIsVisible = 0;
			defaultConfigurationName = Release;
		};
		8438770D25EBCAB20027C305 /* Build configuration list for PBXNativeTarget "PhotoTapps" */ = {
			isa = XCConfigurationList;
			buildConfigurations = (
				8438770E25EBCAB20027C305 /* Debug */,
				8438770F25EBCAB20027C305 /* Release */,
			);
			defaultConfigurationIsVisible = 0;
			defaultConfigurationName = Release;
		};
		8438771025EBCAB20027C305 /* Build configuration list for PBXNativeTarget "PhotoTappsTests" */ = {
			isa = XCConfigurationList;
			buildConfigurations = (
				8438771125EBCAB20027C305 /* Debug */,
				8438771225EBCAB20027C305 /* Release */,
			);
			defaultConfigurationIsVisible = 0;
			defaultConfigurationName = Release;
		};
		8438771325EBCAB20027C305 /* Build configuration list for PBXNativeTarget "PhotoTappsUITests" */ = {
			isa = XCConfigurationList;
			buildConfigurations = (
				8438771425EBCAB20027C305 /* Debug */,
				8438771525EBCAB20027C305 /* Release */,
			);
			defaultConfigurationIsVisible = 0;
			defaultConfigurationName = Release;
		};
/* End XCConfigurationList section */
	};
	rootObject = 843876DB25EBCAAF0027C305 /* Project object */;
}
