// !$*UTF8*$!
{
	archiveVersion = 1;
	classes = {
	};
	objectVersion = 50;
	objects = {

/* Begin PBXBuildFile section */
		84C52FDB25D1504D0092C332 /* AppDelegate.swift in Sources */ = {isa = PBXBuildFile; fileRef = 84C52FDA25D1504D0092C332 /* AppDelegate.swift */; };
		84C52FDD25D1504D0092C332 /* SceneDelegate.swift in Sources */ = {isa = PBXBuildFile; fileRef = 84C52FDC25D1504D0092C332 /* SceneDelegate.swift */; };
		84C52FDF25D1504D0092C332 /* ViewController.swift in Sources */ = {isa = PBXBuildFile; fileRef = 84C52FDE25D1504D0092C332 /* ViewController.swift */; };
		84C52FE225D1504D0092C332 /* Main.storyboard in Resources */ = {isa = PBXBuildFile; fileRef = 84C52FE025D1504D0092C332 /* Main.storyboard */; };
		84C52FE425D150500092C332 /* Assets.xcassets in Resources */ = {isa = PBXBuildFile; fileRef = 84C52FE325D150500092C332 /* Assets.xcassets */; };
		84C52FE725D150500092C332 /* LaunchScreen.storyboard in Resources */ = {isa = PBXBuildFile; fileRef = 84C52FE525D150500092C332 /* LaunchScreen.storyboard */; };
		84C52FF225D150500092C332 /* Calendar_day_Tests.swift in Sources */ = {isa = PBXBuildFile; fileRef = 84C52FF125D150500092C332 /* Calendar_day_Tests.swift */; };
		84C52FFD25D150500092C332 /* Calendar_day_UITests.swift in Sources */ = {isa = PBXBuildFile; fileRef = 84C52FFC25D150500092C332 /* Calendar_day_UITests.swift */; };
/* End PBXBuildFile section */

/* Begin PBXContainerItemProxy section */
		84C52FEE25D150500092C332 /* PBXContainerItemProxy */ = {
			isa = PBXContainerItemProxy;
			containerPortal = 84C52FCF25D1504D0092C332 /* Project object */;
			proxyType = 1;
			remoteGlobalIDString = 84C52FD625D1504D0092C332;
			remoteInfo = "Calendar(day)";
		};
		84C52FF925D150500092C332 /* PBXContainerItemProxy */ = {
			isa = PBXContainerItemProxy;
			containerPortal = 84C52FCF25D1504D0092C332 /* Project object */;
			proxyType = 1;
			remoteGlobalIDString = 84C52FD625D1504D0092C332;
			remoteInfo = "Calendar(day)";
		};
/* End PBXContainerItemProxy section */

/* Begin PBXFileReference section */
		84C52FD725D1504D0092C332 /* Calendar(day).app */ = {isa = PBXFileReference; explicitFileType = wrapper.application; includeInIndex = 0; path = "Calendar(day).app"; sourceTree = BUILT_PRODUCTS_DIR; };
		84C52FDA25D1504D0092C332 /* AppDelegate.swift */ = {isa = PBXFileReference; lastKnownFileType = sourcecode.swift; path = AppDelegate.swift; sourceTree = "<group>"; };
		84C52FDC25D1504D0092C332 /* SceneDelegate.swift */ = {isa = PBXFileReference; lastKnownFileType = sourcecode.swift; path = SceneDelegate.swift; sourceTree = "<group>"; };
		84C52FDE25D1504D0092C332 /* ViewController.swift */ = {isa = PBXFileReference; lastKnownFileType = sourcecode.swift; path = ViewController.swift; sourceTree = "<group>"; };
		84C52FE125D1504D0092C332 /* Base */ = {isa = PBXFileReference; lastKnownFileType = file.storyboard; name = Base; path = Base.lproj/Main.storyboard; sourceTree = "<group>"; };
		84C52FE325D150500092C332 /* Assets.xcassets */ = {isa = PBXFileReference; lastKnownFileType = folder.assetcatalog; path = Assets.xcassets; sourceTree = "<group>"; };
		84C52FE625D150500092C332 /* Base */ = {isa = PBXFileReference; lastKnownFileType = file.storyboard; name = Base; path = Base.lproj/LaunchScreen.storyboard; sourceTree = "<group>"; };
		84C52FE825D150500092C332 /* Info.plist */ = {isa = PBXFileReference; lastKnownFileType = text.plist.xml; path = Info.plist; sourceTree = "<group>"; };
		84C52FED25D150500092C332 /* Calendar(day)Tests.xctest */ = {isa = PBXFileReference; explicitFileType = wrapper.cfbundle; includeInIndex = 0; path = "Calendar(day)Tests.xctest"; sourceTree = BUILT_PRODUCTS_DIR; };
		84C52FF125D150500092C332 /* Calendar_day_Tests.swift */ = {isa = PBXFileReference; lastKnownFileType = sourcecode.swift; path = Calendar_day_Tests.swift; sourceTree = "<group>"; };
		84C52FF325D150500092C332 /* Info.plist */ = {isa = PBXFileReference; lastKnownFileType = text.plist.xml; path = Info.plist; sourceTree = "<group>"; };
		84C52FF825D150500092C332 /* Calendar(day)UITests.xctest */ = {isa = PBXFileReference; explicitFileType = wrapper.cfbundle; includeInIndex = 0; path = "Calendar(day)UITests.xctest"; sourceTree = BUILT_PRODUCTS_DIR; };
		84C52FFC25D150500092C332 /* Calendar_day_UITests.swift */ = {isa = PBXFileReference; lastKnownFileType = sourcecode.swift; path = Calendar_day_UITests.swift; sourceTree = "<group>"; };
		84C52FFE25D150500092C332 /* Info.plist */ = {isa = PBXFileReference; lastKnownFileType = text.plist.xml; path = Info.plist; sourceTree = "<group>"; };
/* End PBXFileReference section */

/* Begin PBXFrameworksBuildPhase section */
		84C52FD425D1504D0092C332 /* Frameworks */ = {
			isa = PBXFrameworksBuildPhase;
			buildActionMask = 2147483647;
			files = (
			);
			runOnlyForDeploymentPostprocessing = 0;
		};
		84C52FEA25D150500092C332 /* Frameworks */ = {
			isa = PBXFrameworksBuildPhase;
			buildActionMask = 2147483647;
			files = (
			);
			runOnlyForDeploymentPostprocessing = 0;
		};
		84C52FF525D150500092C332 /* Frameworks */ = {
			isa = PBXFrameworksBuildPhase;
			buildActionMask = 2147483647;
			files = (
			);
			runOnlyForDeploymentPostprocessing = 0;
		};
/* End PBXFrameworksBuildPhase section */

/* Begin PBXGroup section */
		84C52FCE25D1504D0092C332 = {
			isa = PBXGroup;
			children = (
				84C52FD925D1504D0092C332 /* Calendar(day) */,
				84C52FF025D150500092C332 /* Calendar(day)Tests */,
				84C52FFB25D150500092C332 /* Calendar(day)UITests */,
				84C52FD825D1504D0092C332 /* Products */,
			);
			sourceTree = "<group>";
		};
		84C52FD825D1504D0092C332 /* Products */ = {
			isa = PBXGroup;
			children = (
				84C52FD725D1504D0092C332 /* Calendar(day).app */,
				84C52FED25D150500092C332 /* Calendar(day)Tests.xctest */,
				84C52FF825D150500092C332 /* Calendar(day)UITests.xctest */,
			);
			name = Products;
			sourceTree = "<group>";
		};
		84C52FD925D1504D0092C332 /* Calendar(day) */ = {
			isa = PBXGroup;
			children = (
				84C52FDA25D1504D0092C332 /* AppDelegate.swift */,
				84C52FDC25D1504D0092C332 /* SceneDelegate.swift */,
				84C52FDE25D1504D0092C332 /* ViewController.swift */,
				84C52FE025D1504D0092C332 /* Main.storyboard */,
				84C52FE325D150500092C332 /* Assets.xcassets */,
				84C52FE525D150500092C332 /* LaunchScreen.storyboard */,
				84C52FE825D150500092C332 /* Info.plist */,
			);
			path = "Calendar(day)";
			sourceTree = "<group>";
		};
		84C52FF025D150500092C332 /* Calendar(day)Tests */ = {
			isa = PBXGroup;
			children = (
				84C52FF125D150500092C332 /* Calendar_day_Tests.swift */,
				84C52FF325D150500092C332 /* Info.plist */,
			);
			path = "Calendar(day)Tests";
			sourceTree = "<group>";
		};
		84C52FFB25D150500092C332 /* Calendar(day)UITests */ = {
			isa = PBXGroup;
			children = (
				84C52FFC25D150500092C332 /* Calendar_day_UITests.swift */,
				84C52FFE25D150500092C332 /* Info.plist */,
			);
			path = "Calendar(day)UITests";
			sourceTree = "<group>";
		};
/* End PBXGroup section */

/* Begin PBXNativeTarget section */
		84C52FD625D1504D0092C332 /* Calendar(day) */ = {
			isa = PBXNativeTarget;
			buildConfigurationList = 84C5300125D150500092C332 /* Build configuration list for PBXNativeTarget "Calendar(day)" */;
			buildPhases = (
				84C52FD325D1504D0092C332 /* Sources */,
				84C52FD425D1504D0092C332 /* Frameworks */,
				84C52FD525D1504D0092C332 /* Resources */,
			);
			buildRules = (
			);
			dependencies = (
			);
			name = "Calendar(day)";
			productName = "Calendar(day)";
			productReference = 84C52FD725D1504D0092C332 /* Calendar(day).app */;
			productType = "com.apple.product-type.application";
		};
		84C52FEC25D150500092C332 /* Calendar(day)Tests */ = {
			isa = PBXNativeTarget;
			buildConfigurationList = 84C5300425D150500092C332 /* Build configuration list for PBXNativeTarget "Calendar(day)Tests" */;
			buildPhases = (
				84C52FE925D150500092C332 /* Sources */,
				84C52FEA25D150500092C332 /* Frameworks */,
				84C52FEB25D150500092C332 /* Resources */,
			);
			buildRules = (
			);
			dependencies = (
				84C52FEF25D150500092C332 /* PBXTargetDependency */,
			);
			name = "Calendar(day)Tests";
			productName = "Calendar(day)Tests";
			productReference = 84C52FED25D150500092C332 /* Calendar(day)Tests.xctest */;
			productType = "com.apple.product-type.bundle.unit-test";
		};
		84C52FF725D150500092C332 /* Calendar(day)UITests */ = {
			isa = PBXNativeTarget;
			buildConfigurationList = 84C5300725D150500092C332 /* Build configuration list for PBXNativeTarget "Calendar(day)UITests" */;
			buildPhases = (
				84C52FF425D150500092C332 /* Sources */,
				84C52FF525D150500092C332 /* Frameworks */,
				84C52FF625D150500092C332 /* Resources */,
			);
			buildRules = (
			);
			dependencies = (
				84C52FFA25D150500092C332 /* PBXTargetDependency */,
			);
			name = "Calendar(day)UITests";
			productName = "Calendar(day)UITests";
			productReference = 84C52FF825D150500092C332 /* Calendar(day)UITests.xctest */;
			productType = "com.apple.product-type.bundle.ui-testing";
		};
/* End PBXNativeTarget section */

/* Begin PBXProject section */
		84C52FCF25D1504D0092C332 /* Project object */ = {
			isa = PBXProject;
			attributes = {
				LastSwiftUpdateCheck = 1240;
				LastUpgradeCheck = 1240;
				TargetAttributes = {
					84C52FD625D1504D0092C332 = {
						CreatedOnToolsVersion = 12.4;
					};
					84C52FEC25D150500092C332 = {
						CreatedOnToolsVersion = 12.4;
						TestTargetID = 84C52FD625D1504D0092C332;
					};
					84C52FF725D150500092C332 = {
						CreatedOnToolsVersion = 12.4;
						TestTargetID = 84C52FD625D1504D0092C332;
					};
				};
			};
			buildConfigurationList = 84C52FD225D1504D0092C332 /* Build configuration list for PBXProject "Calendar(day)" */;
			compatibilityVersion = "Xcode 9.3";
			developmentRegion = en;
			hasScannedForEncodings = 0;
			knownRegions = (
				en,
				Base,
			);
			mainGroup = 84C52FCE25D1504D0092C332;
			productRefGroup = 84C52FD825D1504D0092C332 /* Products */;
			projectDirPath = "";
			projectRoot = "";
			targets = (
				84C52FD625D1504D0092C332 /* Calendar(day) */,
				84C52FEC25D150500092C332 /* Calendar(day)Tests */,
				84C52FF725D150500092C332 /* Calendar(day)UITests */,
			);
		};
/* End PBXProject section */

/* Begin PBXResourcesBuildPhase section */
		84C52FD525D1504D0092C332 /* Resources */ = {
			isa = PBXResourcesBuildPhase;
			buildActionMask = 2147483647;
			files = (
				84C52FE725D150500092C332 /* LaunchScreen.storyboard in Resources */,
				84C52FE425D150500092C332 /* Assets.xcassets in Resources */,
				84C52FE225D1504D0092C332 /* Main.storyboard in Resources */,
			);
			runOnlyForDeploymentPostprocessing = 0;
		};
		84C52FEB25D150500092C332 /* Resources */ = {
			isa = PBXResourcesBuildPhase;
			buildActionMask = 2147483647;
			files = (
			);
			runOnlyForDeploymentPostprocessing = 0;
		};
		84C52FF625D150500092C332 /* Resources */ = {
			isa = PBXResourcesBuildPhase;
			buildActionMask = 2147483647;
			files = (
			);
			runOnlyForDeploymentPostprocessing = 0;
		};
/* End PBXResourcesBuildPhase section */

/* Begin PBXSourcesBuildPhase section */
		84C52FD325D1504D0092C332 /* Sources */ = {
			isa = PBXSourcesBuildPhase;
			buildActionMask = 2147483647;
			files = (
				84C52FDF25D1504D0092C332 /* ViewController.swift in Sources */,
				84C52FDB25D1504D0092C332 /* AppDelegate.swift in Sources */,
				84C52FDD25D1504D0092C332 /* SceneDelegate.swift in Sources */,
			);
			runOnlyForDeploymentPostprocessing = 0;
		};
		84C52FE925D150500092C332 /* Sources */ = {
			isa = PBXSourcesBuildPhase;
			buildActionMask = 2147483647;
			files = (
				84C52FF225D150500092C332 /* Calendar_day_Tests.swift in Sources */,
			);
			runOnlyForDeploymentPostprocessing = 0;
		};
		84C52FF425D150500092C332 /* Sources */ = {
			isa = PBXSourcesBuildPhase;
			buildActionMask = 2147483647;
			files = (
				84C52FFD25D150500092C332 /* Calendar_day_UITests.swift in Sources */,
			);
			runOnlyForDeploymentPostprocessing = 0;
		};
/* End PBXSourcesBuildPhase section */

/* Begin PBXTargetDependency section */
		84C52FEF25D150500092C332 /* PBXTargetDependency */ = {
			isa = PBXTargetDependency;
			target = 84C52FD625D1504D0092C332 /* Calendar(day) */;
			targetProxy = 84C52FEE25D150500092C332 /* PBXContainerItemProxy */;
		};
		84C52FFA25D150500092C332 /* PBXTargetDependency */ = {
			isa = PBXTargetDependency;
			target = 84C52FD625D1504D0092C332 /* Calendar(day) */;
			targetProxy = 84C52FF925D150500092C332 /* PBXContainerItemProxy */;
		};
/* End PBXTargetDependency section */

/* Begin PBXVariantGroup section */
		84C52FE025D1504D0092C332 /* Main.storyboard */ = {
			isa = PBXVariantGroup;
			children = (
				84C52FE125D1504D0092C332 /* Base */,
			);
			name = Main.storyboard;
			sourceTree = "<group>";
		};
		84C52FE525D150500092C332 /* LaunchScreen.storyboard */ = {
			isa = PBXVariantGroup;
			children = (
				84C52FE625D150500092C332 /* Base */,
			);
			name = LaunchScreen.storyboard;
			sourceTree = "<group>";
		};
/* End PBXVariantGroup section */

/* Begin XCBuildConfiguration section */
		84C52FFF25D150500092C332 /* Debug */ = {
			isa = XCBuildConfiguration;
			buildSettings = {
				ALWAYS_SEARCH_USER_PATHS = NO;
				CLANG_ANALYZER_NONNULL = YES;
				CLANG_ANALYZER_NUMBER_OBJECT_CONVERSION = YES_AGGRESSIVE;
				CLANG_CXX_LANGUAGE_STANDARD = "gnu++14";
				CLANG_CXX_LIBRARY = "libc++";
				CLANG_ENABLE_MODULES = YES;
				CLANG_ENABLE_OBJC_ARC = YES;
				CLANG_ENABLE_OBJC_WEAK = YES;
				CLANG_WARN_BLOCK_CAPTURE_AUTORELEASING = YES;
				CLANG_WARN_BOOL_CONVERSION = YES;
				CLANG_WARN_COMMA = YES;
				CLANG_WARN_CONSTANT_CONVERSION = YES;
				CLANG_WARN_DEPRECATED_OBJC_IMPLEMENTATIONS = YES;
				CLANG_WARN_DIRECT_OBJC_ISA_USAGE = YES_ERROR;
				CLANG_WARN_DOCUMENTATION_COMMENTS = YES;
				CLANG_WARN_EMPTY_BODY = YES;
				CLANG_WARN_ENUM_CONVERSION = YES;
				CLANG_WARN_INFINITE_RECURSION = YES;
				CLANG_WARN_INT_CONVERSION = YES;
				CLANG_WARN_NON_LITERAL_NULL_CONVERSION = YES;
				CLANG_WARN_OBJC_IMPLICIT_RETAIN_SELF = YES;
				CLANG_WARN_OBJC_LITERAL_CONVERSION = YES;
				CLANG_WARN_OBJC_ROOT_CLASS = YES_ERROR;
				CLANG_WARN_QUOTED_INCLUDE_IN_FRAMEWORK_HEADER = YES;
				CLANG_WARN_RANGE_LOOP_ANALYSIS = YES;
				CLANG_WARN_STRICT_PROTOTYPES = YES;
				CLANG_WARN_SUSPICIOUS_MOVE = YES;
				CLANG_WARN_UNGUARDED_AVAILABILITY = YES_AGGRESSIVE;
				CLANG_WARN_UNREACHABLE_CODE = YES;
				CLANG_WARN__DUPLICATE_METHOD_MATCH = YES;
				COPY_PHASE_STRIP = NO;
				DEBUG_INFORMATION_FORMAT = dwarf;
				ENABLE_STRICT_OBJC_MSGSEND = YES;
				ENABLE_TESTABILITY = YES;
				GCC_C_LANGUAGE_STANDARD = gnu11;
				GCC_DYNAMIC_NO_PIC = NO;
				GCC_NO_COMMON_BLOCKS = YES;
				GCC_OPTIMIZATION_LEVEL = 0;
				GCC_PREPROCESSOR_DEFINITIONS = (
					"DEBUG=1",
					"$(inherited)",
				);
				GCC_WARN_64_TO_32_BIT_CONVERSION = YES;
				GCC_WARN_ABOUT_RETURN_TYPE = YES_ERROR;
				GCC_WARN_UNDECLARED_SELECTOR = YES;
				GCC_WARN_UNINITIALIZED_AUTOS = YES_AGGRESSIVE;
				GCC_WARN_UNUSED_FUNCTION = YES;
				GCC_WARN_UNUSED_VARIABLE = YES;
				IPHONEOS_DEPLOYMENT_TARGET = 14.4;
				MTL_ENABLE_DEBUG_INFO = INCLUDE_SOURCE;
				MTL_FAST_MATH = YES;
				ONLY_ACTIVE_ARCH = YES;
				SDKROOT = iphoneos;
				SWIFT_ACTIVE_COMPILATION_CONDITIONS = DEBUG;
				SWIFT_OPTIMIZATION_LEVEL = "-Onone";
			};
			name = Debug;
		};
		84C5300025D150500092C332 /* Release */ = {
			isa = XCBuildConfiguration;
			buildSettings = {
				ALWAYS_SEARCH_USER_PATHS = NO;
				CLANG_ANALYZER_NONNULL = YES;
				CLANG_ANALYZER_NUMBER_OBJECT_CONVERSION = YES_AGGRESSIVE;
				CLANG_CXX_LANGUAGE_STANDARD = "gnu++14";
				CLANG_CXX_LIBRARY = "libc++";
				CLANG_ENABLE_MODULES = YES;
				CLANG_ENABLE_OBJC_ARC = YES;
				CLANG_ENABLE_OBJC_WEAK = YES;
				CLANG_WARN_BLOCK_CAPTURE_AUTORELEASING = YES;
				CLANG_WARN_BOOL_CONVERSION = YES;
				CLANG_WARN_COMMA = YES;
				CLANG_WARN_CONSTANT_CONVERSION = YES;
				CLANG_WARN_DEPRECATED_OBJC_IMPLEMENTATIONS = YES;
				CLANG_WARN_DIRECT_OBJC_ISA_USAGE = YES_ERROR;
				CLANG_WARN_DOCUMENTATION_COMMENTS = YES;
				CLANG_WARN_EMPTY_BODY = YES;
				CLANG_WARN_ENUM_CONVERSION = YES;
				CLANG_WARN_INFINITE_RECURSION = YES;
				CLANG_WARN_INT_CONVERSION = YES;
				CLANG_WARN_NON_LITERAL_NULL_CONVERSION = YES;
				CLANG_WARN_OBJC_IMPLICIT_RETAIN_SELF = YES;
				CLANG_WARN_OBJC_LITERAL_CONVERSION = YES;
				CLANG_WARN_OBJC_ROOT_CLASS = YES_ERROR;
				CLANG_WARN_QUOTED_INCLUDE_IN_FRAMEWORK_HEADER = YES;
				CLANG_WARN_RANGE_LOOP_ANALYSIS = YES;
				CLANG_WARN_STRICT_PROTOTYPES = YES;
				CLANG_WARN_SUSPICIOUS_MOVE = YES;
				CLANG_WARN_UNGUARDED_AVAILABILITY = YES_AGGRESSIVE;
				CLANG_WARN_UNREACHABLE_CODE = YES;
				CLANG_WARN__DUPLICATE_METHOD_MATCH = YES;
				COPY_PHASE_STRIP = NO;
				DEBUG_INFORMATION_FORMAT = "dwarf-with-dsym";
				ENABLE_NS_ASSERTIONS = NO;
				ENABLE_STRICT_OBJC_MSGSEND = YES;
				GCC_C_LANGUAGE_STANDARD = gnu11;
				GCC_NO_COMMON_BLOCKS = YES;
				GCC_WARN_64_TO_32_BIT_CONVERSION = YES;
				GCC_WARN_ABOUT_RETURN_TYPE = YES_ERROR;
				GCC_WARN_UNDECLARED_SELECTOR = YES;
				GCC_WARN_UNINITIALIZED_AUTOS = YES_AGGRESSIVE;
				GCC_WARN_UNUSED_FUNCTION = YES;
				GCC_WARN_UNUSED_VARIABLE = YES;
				IPHONEOS_DEPLOYMENT_TARGET = 14.4;
				MTL_ENABLE_DEBUG_INFO = NO;
				MTL_FAST_MATH = YES;
				SDKROOT = iphoneos;
				SWIFT_COMPILATION_MODE = wholemodule;
				SWIFT_OPTIMIZATION_LEVEL = "-O";
				VALIDATE_PRODUCT = YES;
			};
			name = Release;
		};
		84C5300225D150500092C332 /* Debug */ = {
			isa = XCBuildConfiguration;
			buildSettings = {
				ASSETCATALOG_COMPILER_APPICON_NAME = AppIcon;
				ASSETCATALOG_COMPILER_GLOBAL_ACCENT_COLOR_NAME = AccentColor;
				CODE_SIGN_STYLE = Automatic;
				DEVELOPMENT_TEAM = 45BPS947ZY;
				INFOPLIST_FILE = "Calendar(day)/Info.plist";
				LD_RUNPATH_SEARCH_PATHS = (
					"$(inherited)",
					"@executable_path/Frameworks",
				);
				PRODUCT_BUNDLE_IDENTIFIER = "com.motivation-4life.Calendar-day-";
				PRODUCT_NAME = "$(TARGET_NAME)";
				SWIFT_VERSION = 5.0;
				TARGETED_DEVICE_FAMILY = "1,2";
			};
			name = Debug;
		};
		84C5300325D150500092C332 /* Release */ = {
			isa = XCBuildConfiguration;
			buildSettings = {
				ASSETCATALOG_COMPILER_APPICON_NAME = AppIcon;
				ASSETCATALOG_COMPILER_GLOBAL_ACCENT_COLOR_NAME = AccentColor;
				CODE_SIGN_STYLE = Automatic;
				DEVELOPMENT_TEAM = 45BPS947ZY;
				INFOPLIST_FILE = "Calendar(day)/Info.plist";
				LD_RUNPATH_SEARCH_PATHS = (
					"$(inherited)",
					"@executable_path/Frameworks",
				);
				PRODUCT_BUNDLE_IDENTIFIER = "com.motivation-4life.Calendar-day-";
				PRODUCT_NAME = "$(TARGET_NAME)";
				SWIFT_VERSION = 5.0;
				TARGETED_DEVICE_FAMILY = "1,2";
			};
			name = Release;
		};
		84C5300525D150500092C332 /* Debug */ = {
			isa = XCBuildConfiguration;
			buildSettings = {
				ALWAYS_EMBED_SWIFT_STANDARD_LIBRARIES = YES;
				BUNDLE_LOADER = "$(TEST_HOST)";
				CODE_SIGN_STYLE = Automatic;
				DEVELOPMENT_TEAM = 45BPS947ZY;
				INFOPLIST_FILE = "Calendar(day)Tests/Info.plist";
				IPHONEOS_DEPLOYMENT_TARGET = 14.4;
				LD_RUNPATH_SEARCH_PATHS = (
					"$(inherited)",
					"@executable_path/Frameworks",
					"@loader_path/Frameworks",
				);
				PRODUCT_BUNDLE_IDENTIFIER = "com.motivation-4life.Calendar-day-Tests";
				PRODUCT_NAME = "$(TARGET_NAME)";
				SWIFT_VERSION = 5.0;
				TARGETED_DEVICE_FAMILY = "1,2";
				TEST_HOST = "$(BUILT_PRODUCTS_DIR)/Calendar(day).app/Calendar(day)";
			};
			name = Debug;
		};
		84C5300625D150500092C332 /* Release */ = {
			isa = XCBuildConfiguration;
			buildSettings = {
				ALWAYS_EMBED_SWIFT_STANDARD_LIBRARIES = YES;
				BUNDLE_LOADER = "$(TEST_HOST)";
				CODE_SIGN_STYLE = Automatic;
				DEVELOPMENT_TEAM = 45BPS947ZY;
				INFOPLIST_FILE = "Calendar(day)Tests/Info.plist";
				IPHONEOS_DEPLOYMENT_TARGET = 14.4;
				LD_RUNPATH_SEARCH_PATHS = (
					"$(inherited)",
					"@executable_path/Frameworks",
					"@loader_path/Frameworks",
				);
				PRODUCT_BUNDLE_IDENTIFIER = "com.motivation-4life.Calendar-day-Tests";
				PRODUCT_NAME = "$(TARGET_NAME)";
				SWIFT_VERSION = 5.0;
				TARGETED_DEVICE_FAMILY = "1,2";
				TEST_HOST = "$(BUILT_PRODUCTS_DIR)/Calendar(day).app/Calendar(day)";
			};
			name = Release;
		};
		84C5300825D150500092C332 /* Debug */ = {
			isa = XCBuildConfiguration;
			buildSettings = {
				ALWAYS_EMBED_SWIFT_STANDARD_LIBRARIES = YES;
				CODE_SIGN_STYLE = Automatic;
				DEVELOPMENT_TEAM = 45BPS947ZY;
				INFOPLIST_FILE = "Calendar(day)UITests/Info.plist";
				LD_RUNPATH_SEARCH_PATHS = (
					"$(inherited)",
					"@executable_path/Frameworks",
					"@loader_path/Frameworks",
				);
				PRODUCT_BUNDLE_IDENTIFIER = "com.motivation-4life.Calendar-day-UITests";
				PRODUCT_NAME = "$(TARGET_NAME)";
				SWIFT_VERSION = 5.0;
				TARGETED_DEVICE_FAMILY = "1,2";
				TEST_TARGET_NAME = "Calendar(day)";
			};
			name = Debug;
		};
		84C5300925D150500092C332 /* Release */ = {
			isa = XCBuildConfiguration;
			buildSettings = {
				ALWAYS_EMBED_SWIFT_STANDARD_LIBRARIES = YES;
				CODE_SIGN_STYLE = Automatic;
				DEVELOPMENT_TEAM = 45BPS947ZY;
				INFOPLIST_FILE = "Calendar(day)UITests/Info.plist";
				LD_RUNPATH_SEARCH_PATHS = (
					"$(inherited)",
					"@executable_path/Frameworks",
					"@loader_path/Frameworks",
				);
				PRODUCT_BUNDLE_IDENTIFIER = "com.motivation-4life.Calendar-day-UITests";
				PRODUCT_NAME = "$(TARGET_NAME)";
				SWIFT_VERSION = 5.0;
				TARGETED_DEVICE_FAMILY = "1,2";
				TEST_TARGET_NAME = "Calendar(day)";
			};
			name = Release;
		};
/* End XCBuildConfiguration section */

/* Begin XCConfigurationList section */
		84C52FD225D1504D0092C332 /* Build configuration list for PBXProject "Calendar(day)" */ = {
			isa = XCConfigurationList;
			buildConfigurations = (
				84C52FFF25D150500092C332 /* Debug */,
				84C5300025D150500092C332 /* Release */,
			);
			defaultConfigurationIsVisible = 0;
			defaultConfigurationName = Release;
		};
		84C5300125D150500092C332 /* Build configuration list for PBXNativeTarget "Calendar(day)" */ = {
			isa = XCConfigurationList;
			buildConfigurations = (
				84C5300225D150500092C332 /* Debug */,
				84C5300325D150500092C332 /* Release */,
			);
			defaultConfigurationIsVisible = 0;
			defaultConfigurationName = Release;
		};
		84C5300425D150500092C332 /* Build configuration list for PBXNativeTarget "Calendar(day)Tests" */ = {
			isa = XCConfigurationList;
			buildConfigurations = (
				84C5300525D150500092C332 /* Debug */,
				84C5300625D150500092C332 /* Release */,
			);
			defaultConfigurationIsVisible = 0;
			defaultConfigurationName = Release;
		};
		84C5300725D150500092C332 /* Build configuration list for PBXNativeTarget "Calendar(day)UITests" */ = {
			isa = XCConfigurationList;
			buildConfigurations = (
				84C5300825D150500092C332 /* Debug */,
				84C5300925D150500092C332 /* Release */,
			);
			defaultConfigurationIsVisible = 0;
			defaultConfigurationName = Release;
		};
/* End XCConfigurationList section */
	};
	rootObject = 84C52FCF25D1504D0092C332 /* Project object */;
}
